
Microsoft Visual Studio Solution File, Format Version 12.00
# Visual Studio 15
VisualStudioVersion = 15.0.27703.2000
MinimumVisualStudioVersion = 10.0.40219.1
Project("{FAE04EC0-301F-11D3-BF4B-00C04F79EFBC}") = "AprendamosOtomi.Android", "AprendamosOtomi\AprendamosOtomi.Android\AprendamosOtomi.Android.csproj", "{0B25C991-E1BD-4789-A588-0231E4E30256}"
EndProject
Project("{FAE04EC0-301F-11D3-BF4B-00C04F79EFBC}") = "AprendamosOtomi.iOS", "AprendamosOtomi\AprendamosOtomi.iOS\AprendamosOtomi.iOS.csproj", "{F4589451-17AF-4AFC-AF43-0FB7C69930EC}"
EndProject
Project("{FAE04EC0-301F-11D3-BF4B-00C04F79EFBC}") = "AprendamosOtomi.UWP", "AprendamosOtomi\AprendamosOtomi.UWP\AprendamosOtomi.UWP.csproj", "{64DDC79B-B5DD-4083-98B9-AFE69FE39B00}"
EndProject
Project("{9A19103F-16F7-4668-BE54-9A1E7A4F7556}") = "AprendamosOtomi", "AprendamosOtomi\AprendamosOtomi\AprendamosOtomi.csproj", "{D06EEDC6-D07B-42C9-93BB-2EE5589B511C}"
EndProject
Project("{2150E333-8FDC-42A3-9474-1A3956D46DE8}") = "CapaBase", "CapaBase", "{A9FE6008-2371-40AF-B72E-5C4CD8C7C10A}"
EndProject
Project("{FAE04EC0-301F-11D3-BF4B-00C04F79EFBC}") = "COMMON", "COMMON\COMMON.csproj", "{D0BFD226-B444-4A31-80AD-D72ECF3CB039}"
EndProject
Project("{FAE04EC0-301F-11D3-BF4B-00C04F79EFBC}") = "DAL", "DAL\DAL.csproj", "{F871B007-B5CA-4992-BDF6-286BB0AA3F6B}"
EndProject
Project("{FAE04EC0-301F-11D3-BF4B-00C04F79EFBC}") = "BIZ", "BIZ\BIZ.csproj", "{7DF9E7AE-F393-4AC4-B040-4B0FE91627FC}"
EndProject
Global
	GlobalSection(SolutionConfigurationPlatforms) = preSolution
		Ad-Hoc|Any CPU = Ad-Hoc|Any CPU
		Ad-Hoc|ARM = Ad-Hoc|ARM
		Ad-Hoc|iPhone = Ad-Hoc|iPhone
		Ad-Hoc|iPhoneSimulator = Ad-Hoc|iPhoneSimulator
		Ad-Hoc|x64 = Ad-Hoc|x64
		Ad-Hoc|x86 = Ad-Hoc|x86
		AppStore|Any CPU = AppStore|Any CPU
		AppStore|ARM = AppStore|ARM
		AppStore|iPhone = AppStore|iPhone
		AppStore|iPhoneSimulator = AppStore|iPhoneSimulator
		AppStore|x64 = AppStore|x64
		AppStore|x86 = AppStore|x86
		Debug|Any CPU = Debug|Any CPU
		Debug|ARM = Debug|ARM
		Debug|iPhone = Debug|iPhone
		Debug|iPhoneSimulator = Debug|iPhoneSimulator
		Debug|x64 = Debug|x64
		Debug|x86 = Debug|x86
		Release|Any CPU = Release|Any CPU
		Release|ARM = Release|ARM
		Release|iPhone = Release|iPhone
		Release|iPhoneSimulator = Release|iPhoneSimulator
		Release|x64 = Release|x64
		Release|x86 = Release|x86
	EndGlobalSection
	GlobalSection(ProjectConfigurationPlatforms) = postSolution
		{0B25C991-E1BD-4789-A588-0231E4E30256}.Ad-Hoc|Any CPU.ActiveCfg = Release|Any CPU
		{0B25C991-E1BD-4789-A588-0231E4E30256}.Ad-Hoc|Any CPU.Build.0 = Release|Any CPU
		{0B25C991-E1BD-4789-A588-0231E4E30256}.Ad-Hoc|Any CPU.Deploy.0 = Release|Any CPU
		{0B25C991-E1BD-4789-A588-0231E4E30256}.Ad-Hoc|ARM.ActiveCfg = Release|Any CPU
		{0B25C991-E1BD-4789-A588-0231E4E30256}.Ad-Hoc|ARM.Build.0 = Release|Any CPU
		{0B25C991-E1BD-4789-A588-0231E4E30256}.Ad-Hoc|ARM.Deploy.0 = Release|Any CPU
		{0B25C991-E1BD-4789-A588-0231E4E30256}.Ad-Hoc|iPhone.ActiveCfg = Release|Any CPU
		{0B25C991-E1BD-4789-A588-0231E4E30256}.Ad-Hoc|iPhone.Build.0 = Release|Any CPU
		{0B25C991-E1BD-4789-A588-0231E4E30256}.Ad-Hoc|iPhone.Deploy.0 = Release|Any CPU
		{0B25C991-E1BD-4789-A588-0231E4E30256}.Ad-Hoc|iPhoneSimulator.ActiveCfg = Release|Any CPU
		{0B25C991-E1BD-4789-A588-0231E4E30256}.Ad-Hoc|iPhoneSimulator.Build.0 = Release|Any CPU
		{0B25C991-E1BD-4789-A588-0231E4E30256}.Ad-Hoc|iPhoneSimulator.Deploy.0 = Release|Any CPU
		{0B25C991-E1BD-4789-A588-0231E4E30256}.Ad-Hoc|x64.ActiveCfg = Release|Any CPU
		{0B25C991-E1BD-4789-A588-0231E4E30256}.Ad-Hoc|x64.Build.0 = Release|Any CPU
		{0B25C991-E1BD-4789-A588-0231E4E30256}.Ad-Hoc|x64.Deploy.0 = Release|Any CPU
		{0B25C991-E1BD-4789-A588-0231E4E30256}.Ad-Hoc|x86.ActiveCfg = Release|Any CPU
		{0B25C991-E1BD-4789-A588-0231E4E30256}.Ad-Hoc|x86.Build.0 = Release|Any CPU
		{0B25C991-E1BD-4789-A588-0231E4E30256}.Ad-Hoc|x86.Deploy.0 = Release|Any CPU
		{0B25C991-E1BD-4789-A588-0231E4E30256}.AppStore|Any CPU.ActiveCfg = Release|Any CPU
		{0B25C991-E1BD-4789-A588-0231E4E30256}.AppStore|Any CPU.Build.0 = Release|Any CPU
		{0B25C991-E1BD-4789-A588-0231E4E30256}.AppStore|Any CPU.Deploy.0 = Release|Any CPU
		{0B25C991-E1BD-4789-A588-0231E4E30256}.AppStore|ARM.ActiveCfg = Release|Any CPU
		{0B25C991-E1BD-4789-A588-0231E4E30256}.AppStore|ARM.Build.0 = Release|Any CPU
		{0B25C991-E1BD-4789-A588-0231E4E30256}.AppStore|ARM.Deploy.0 = Release|Any CPU
		{0B25C991-E1BD-4789-A588-0231E4E30256}.AppStore|iPhone.ActiveCfg = Release|Any CPU
		{0B25C991-E1BD-4789-A588-0231E4E30256}.AppStore|iPhone.Build.0 = Release|Any CPU
		{0B25C991-E1BD-4789-A588-0231E4E30256}.AppStore|iPhone.Deploy.0 = Release|Any CPU
		{0B25C991-E1BD-4789-A588-0231E4E30256}.AppStore|iPhoneSimulator.ActiveCfg = Release|Any CPU
		{0B25C991-E1BD-4789-A588-0231E4E30256}.AppStore|iPhoneSimulator.Build.0 = Release|Any CPU
		{0B25C991-E1BD-4789-A588-0231E4E30256}.AppStore|iPhoneSimulator.Deploy.0 = Release|Any CPU
		{0B25C991-E1BD-4789-A588-0231E4E30256}.AppStore|x64.ActiveCfg = Release|Any CPU
		{0B25C991-E1BD-4789-A588-0231E4E30256}.AppStore|x64.Build.0 = Release|Any CPU
		{0B25C991-E1BD-4789-A588-0231E4E30256}.AppStore|x64.Deploy.0 = Release|Any CPU
		{0B25C991-E1BD-4789-A588-0231E4E30256}.AppStore|x86.ActiveCfg = Release|Any CPU
		{0B25C991-E1BD-4789-A588-0231E4E30256}.AppStore|x86.Build.0 = Release|Any CPU
		{0B25C991-E1BD-4789-A588-0231E4E30256}.AppStore|x86.Deploy.0 = Release|Any CPU
		{0B25C991-E1BD-4789-A588-0231E4E30256}.Debug|Any CPU.ActiveCfg = Debug|Any CPU
		{0B25C991-E1BD-4789-A588-0231E4E30256}.Debug|Any CPU.Build.0 = Debug|Any CPU
		{0B25C991-E1BD-4789-A588-0231E4E30256}.Debug|Any CPU.Deploy.0 = Debug|Any CPU
		{0B25C991-E1BD-4789-A588-0231E4E30256}.Debug|ARM.ActiveCfg = Debug|Any CPU
		{0B25C991-E1BD-4789-A588-0231E4E30256}.Debug|ARM.Build.0 = Debug|Any CPU
		{0B25C991-E1BD-4789-A588-0231E4E30256}.Debug|ARM.Deploy.0 = Debug|Any CPU
		{0B25C991-E1BD-4789-A588-0231E4E30256}.Debug|iPhone.ActiveCfg = Debug|Any CPU
		{0B25C991-E1BD-4789-A588-0231E4E30256}.Debug|iPhone.Build.0 = Debug|Any CPU
		{0B25C991-E1BD-4789-A588-0231E4E30256}.Debug|iPhone.Deploy.0 = Debug|Any CPU
		{0B25C991-E1BD-4789-A588-0231E4E30256}.Debug|iPhoneSimulator.ActiveCfg = Debug|Any CPU
		{0B25C991-E1BD-4789-A588-0231E4E30256}.Debug|iPhoneSimulator.Build.0 = Debug|Any CPU
		{0B25C991-E1BD-4789-A588-0231E4E30256}.Debug|iPhoneSimulator.Deploy.0 = Debug|Any CPU
		{0B25C991-E1BD-4789-A588-0231E4E30256}.Debug|x64.ActiveCfg = Debug|Any CPU
		{0B25C991-E1BD-4789-A588-0231E4E30256}.Debug|x64.Build.0 = Debug|Any CPU
		{0B25C991-E1BD-4789-A588-0231E4E30256}.Debug|x64.Deploy.0 = Debug|Any CPU
		{0B25C991-E1BD-4789-A588-0231E4E30256}.Debug|x86.ActiveCfg = Debug|Any CPU
		{0B25C991-E1BD-4789-A588-0231E4E30256}.Debug|x86.Build.0 = Debug|Any CPU
		{0B25C991-E1BD-4789-A588-0231E4E30256}.Debug|x86.Deploy.0 = Debug|Any CPU
		{0B25C991-E1BD-4789-A588-0231E4E30256}.Release|Any CPU.ActiveCfg = Release|Any CPU
		{0B25C991-E1BD-4789-A588-0231E4E30256}.Release|Any CPU.Build.0 = Release|Any CPU
		{0B25C991-E1BD-4789-A588-0231E4E30256}.Release|Any CPU.Deploy.0 = Release|Any CPU
		{0B25C991-E1BD-4789-A588-0231E4E30256}.Release|ARM.ActiveCfg = Release|Any CPU
		{0B25C991-E1BD-4789-A588-0231E4E30256}.Release|ARM.Build.0 = Release|Any CPU
		{0B25C991-E1BD-4789-A588-0231E4E30256}.Release|ARM.Deploy.0 = Release|Any CPU
		{0B25C991-E1BD-4789-A588-0231E4E30256}.Release|iPhone.ActiveCfg = Release|Any CPU
		{0B25C991-E1BD-4789-A588-0231E4E30256}.Release|iPhone.Build.0 = Release|Any CPU
		{0B25C991-E1BD-4789-A588-0231E4E30256}.Release|iPhone.Deploy.0 = Release|Any CPU
		{0B25C991-E1BD-4789-A588-0231E4E30256}.Release|iPhoneSimulator.ActiveCfg = Release|Any CPU
		{0B25C991-E1BD-4789-A588-0231E4E30256}.Release|iPhoneSimulator.Build.0 = Release|Any CPU
		{0B25C991-E1BD-4789-A588-0231E4E30256}.Release|iPhoneSimulator.Deploy.0 = Release|Any CPU
		{0B25C991-E1BD-4789-A588-0231E4E30256}.Release|x64.ActiveCfg = Release|Any CPU
		{0B25C991-E1BD-4789-A588-0231E4E30256}.Release|x64.Build.0 = Release|Any CPU
		{0B25C991-E1BD-4789-A588-0231E4E30256}.Release|x64.Deploy.0 = Release|Any CPU
		{0B25C991-E1BD-4789-A588-0231E4E30256}.Release|x86.ActiveCfg = Release|Any CPU
		{0B25C991-E1BD-4789-A588-0231E4E30256}.Release|x86.Build.0 = Release|Any CPU
		{0B25C991-E1BD-4789-A588-0231E4E30256}.Release|x86.Deploy.0 = Release|Any CPU
		{F4589451-17AF-4AFC-AF43-0FB7C69930EC}.Ad-Hoc|Any CPU.ActiveCfg = Ad-Hoc|iPhone
		{F4589451-17AF-4AFC-AF43-0FB7C69930EC}.Ad-Hoc|Any CPU.Build.0 = Ad-Hoc|iPhone
		{F4589451-17AF-4AFC-AF43-0FB7C69930EC}.Ad-Hoc|Any CPU.Deploy.0 = Ad-Hoc|iPhone
		{F4589451-17AF-4AFC-AF43-0FB7C69930EC}.Ad-Hoc|ARM.ActiveCfg = Ad-Hoc|iPhone
		{F4589451-17AF-4AFC-AF43-0FB7C69930EC}.Ad-Hoc|ARM.Build.0 = Ad-Hoc|iPhone
		{F4589451-17AF-4AFC-AF43-0FB7C69930EC}.Ad-Hoc|ARM.Deploy.0 = Ad-Hoc|iPhone
		{F4589451-17AF-4AFC-AF43-0FB7C69930EC}.Ad-Hoc|iPhone.ActiveCfg = Ad-Hoc|iPhone
		{F4589451-17AF-4AFC-AF43-0FB7C69930EC}.Ad-Hoc|iPhone.Build.0 = Ad-Hoc|iPhone
		{F4589451-17AF-4AFC-AF43-0FB7C69930EC}.Ad-Hoc|iPhone.Deploy.0 = Ad-Hoc|iPhone
		{F4589451-17AF-4AFC-AF43-0FB7C69930EC}.Ad-Hoc|iPhoneSimulator.ActiveCfg = Ad-Hoc|iPhoneSimulator
		{F4589451-17AF-4AFC-AF43-0FB7C69930EC}.Ad-Hoc|iPhoneSimulator.Build.0 = Ad-Hoc|iPhoneSimulator
		{F4589451-17AF-4AFC-AF43-0FB7C69930EC}.Ad-Hoc|iPhoneSimulator.Deploy.0 = Ad-Hoc|iPhoneSimulator
		{F4589451-17AF-4AFC-AF43-0FB7C69930EC}.Ad-Hoc|x64.ActiveCfg = Ad-Hoc|iPhone
		{F4589451-17AF-4AFC-AF43-0FB7C69930EC}.Ad-Hoc|x64.Build.0 = Ad-Hoc|iPhone
		{F4589451-17AF-4AFC-AF43-0FB7C69930EC}.Ad-Hoc|x64.Deploy.0 = Ad-Hoc|iPhone
		{F4589451-17AF-4AFC-AF43-0FB7C69930EC}.Ad-Hoc|x86.ActiveCfg = Ad-Hoc|iPhone
		{F4589451-17AF-4AFC-AF43-0FB7C69930EC}.Ad-Hoc|x86.Build.0 = Ad-Hoc|iPhone
		{F4589451-17AF-4AFC-AF43-0FB7C69930EC}.Ad-Hoc|x86.Deploy.0 = Ad-Hoc|iPhone
		{F4589451-17AF-4AFC-AF43-0FB7C69930EC}.AppStore|Any CPU.ActiveCfg = AppStore|iPhone
		{F4589451-17AF-4AFC-AF43-0FB7C69930EC}.AppStore|Any CPU.Build.0 = AppStore|iPhone
		{F4589451-17AF-4AFC-AF43-0FB7C69930EC}.AppStore|Any CPU.Deploy.0 = AppStore|iPhone
		{F4589451-17AF-4AFC-AF43-0FB7C69930EC}.AppStore|ARM.ActiveCfg = AppStore|iPhone
		{F4589451-17AF-4AFC-AF43-0FB7C69930EC}.AppStore|ARM.Build.0 = AppStore|iPhone
		{F4589451-17AF-4AFC-AF43-0FB7C69930EC}.AppStore|ARM.Deploy.0 = AppStore|iPhone
		{F4589451-17AF-4AFC-AF43-0FB7C69930EC}.AppStore|iPhone.ActiveCfg = AppStore|iPhone
		{F4589451-17AF-4AFC-AF43-0FB7C69930EC}.AppStore|iPhone.Build.0 = AppStore|iPhone
		{F4589451-17AF-4AFC-AF43-0FB7C69930EC}.AppStore|iPhone.Deploy.0 = AppStore|iPhone
		{F4589451-17AF-4AFC-AF43-0FB7C69930EC}.AppStore|iPhoneSimulator.ActiveCfg = AppStore|iPhoneSimulator
		{F4589451-17AF-4AFC-AF43-0FB7C69930EC}.AppStore|iPhoneSimulator.Build.0 = AppStore|iPhoneSimulator
		{F4589451-17AF-4AFC-AF43-0FB7C69930EC}.AppStore|iPhoneSimulator.Deploy.0 = AppStore|iPhoneSimulator
		{F4589451-17AF-4AFC-AF43-0FB7C69930EC}.AppStore|x64.ActiveCfg = AppStore|iPhone
		{F4589451-17AF-4AFC-AF43-0FB7C69930EC}.AppStore|x64.Build.0 = AppStore|iPhone
		{F4589451-17AF-4AFC-AF43-0FB7C69930EC}.AppStore|x64.Deploy.0 = AppStore|iPhone
		{F4589451-17AF-4AFC-AF43-0FB7C69930EC}.AppStore|x86.ActiveCfg = AppStore|iPhone
		{F4589451-17AF-4AFC-AF43-0FB7C69930EC}.AppStore|x86.Build.0 = AppStore|iPhone
		{F4589451-17AF-4AFC-AF43-0FB7C69930EC}.AppStore|x86.Deploy.0 = AppStore|iPhone
		{F4589451-17AF-4AFC-AF43-0FB7C69930EC}.Debug|Any CPU.ActiveCfg = Debug|iPhoneSimulator
		{F4589451-17AF-4AFC-AF43-0FB7C69930EC}.Debug|Any CPU.Build.0 = Debug|iPhoneSimulator
		{F4589451-17AF-4AFC-AF43-0FB7C69930EC}.Debug|Any CPU.Deploy.0 = Debug|iPhoneSimulator
		{F4589451-17AF-4AFC-AF43-0FB7C69930EC}.Debug|ARM.ActiveCfg = Debug|iPhone
		{F4589451-17AF-4AFC-AF43-0FB7C69930EC}.Debug|ARM.Build.0 = Debug|iPhone
		{F4589451-17AF-4AFC-AF43-0FB7C69930EC}.Debug|ARM.Deploy.0 = Debug|iPhone
		{F4589451-17AF-4AFC-AF43-0FB7C69930EC}.Debug|iPhone.ActiveCfg = Debug|iPhone
		{F4589451-17AF-4AFC-AF43-0FB7C69930EC}.Debug|iPhone.Build.0 = Debug|iPhone
		{F4589451-17AF-4AFC-AF43-0FB7C69930EC}.Debug|iPhone.Deploy.0 = Debug|iPhone
		{F4589451-17AF-4AFC-AF43-0FB7C69930EC}.Debug|iPhoneSimulator.ActiveCfg = Debug|iPhoneSimulator
		{F4589451-17AF-4AFC-AF43-0FB7C69930EC}.Debug|iPhoneSimulator.Build.0 = Debug|iPhoneSimulator
		{F4589451-17AF-4AFC-AF43-0FB7C69930EC}.Debug|iPhoneSimulator.Deploy.0 = Debug|iPhoneSimulator
		{F4589451-17AF-4AFC-AF43-0FB7C69930EC}.Debug|x64.ActiveCfg = Debug|iPhone
		{F4589451-17AF-4AFC-AF43-0FB7C69930EC}.Debug|x64.Build.0 = Debug|iPhone
		{F4589451-17AF-4AFC-AF43-0FB7C69930EC}.Debug|x64.Deploy.0 = Debug|iPhone
		{F4589451-17AF-4AFC-AF43-0FB7C69930EC}.Debug|x86.ActiveCfg = Debug|iPhone
		{F4589451-17AF-4AFC-AF43-0FB7C69930EC}.Debug|x86.Build.0 = Debug|iPhone
		{F4589451-17AF-4AFC-AF43-0FB7C69930EC}.Debug|x86.Deploy.0 = Debug|iPhone
		{F4589451-17AF-4AFC-AF43-0FB7C69930EC}.Release|Any CPU.ActiveCfg = Release|iPhone
		{F4589451-17AF-4AFC-AF43-0FB7C69930EC}.Release|Any CPU.Build.0 = Release|iPhone
		{F4589451-17AF-4AFC-AF43-0FB7C69930EC}.Release|Any CPU.Deploy.0 = Release|iPhone
		{F4589451-17AF-4AFC-AF43-0FB7C69930EC}.Release|ARM.ActiveCfg = Release|iPhone
		{F4589451-17AF-4AFC-AF43-0FB7C69930EC}.Release|ARM.Build.0 = Release|iPhone
		{F4589451-17AF-4AFC-AF43-0FB7C69930EC}.Release|ARM.Deploy.0 = Release|iPhone
		{F4589451-17AF-4AFC-AF43-0FB7C69930EC}.Release|iPhone.ActiveCfg = Release|iPhone
		{F4589451-17AF-4AFC-AF43-0FB7C69930EC}.Release|iPhone.Build.0 = Release|iPhone
		{F4589451-17AF-4AFC-AF43-0FB7C69930EC}.Release|iPhone.Deploy.0 = Release|iPhone
		{F4589451-17AF-4AFC-AF43-0FB7C69930EC}.Release|iPhoneSimulator.ActiveCfg = Release|iPhoneSimulator
		{F4589451-17AF-4AFC-AF43-0FB7C69930EC}.Release|iPhoneSimulator.Build.0 = Release|iPhoneSimulator
		{F4589451-17AF-4AFC-AF43-0FB7C69930EC}.Release|iPhoneSimulator.Deploy.0 = Release|iPhoneSimulator
		{F4589451-17AF-4AFC-AF43-0FB7C69930EC}.Release|x64.ActiveCfg = Release|iPhone
		{F4589451-17AF-4AFC-AF43-0FB7C69930EC}.Release|x64.Build.0 = Release|iPhone
		{F4589451-17AF-4AFC-AF43-0FB7C69930EC}.Release|x64.Deploy.0 = Release|iPhone
		{F4589451-17AF-4AFC-AF43-0FB7C69930EC}.Release|x86.ActiveCfg = Release|iPhone
		{F4589451-17AF-4AFC-AF43-0FB7C69930EC}.Release|x86.Build.0 = Release|iPhone
		{F4589451-17AF-4AFC-AF43-0FB7C69930EC}.Release|x86.Deploy.0 = Release|iPhone
		{64DDC79B-B5DD-4083-98B9-AFE69FE39B00}.Ad-Hoc|Any CPU.ActiveCfg = Release|x86
		{64DDC79B-B5DD-4083-98B9-AFE69FE39B00}.Ad-Hoc|Any CPU.Build.0 = Release|x86
		{64DDC79B-B5DD-4083-98B9-AFE69FE39B00}.Ad-Hoc|Any CPU.Deploy.0 = Release|x86
		{64DDC79B-B5DD-4083-98B9-AFE69FE39B00}.Ad-Hoc|ARM.ActiveCfg = Release|ARM
		{64DDC79B-B5DD-4083-98B9-AFE69FE39B00}.Ad-Hoc|ARM.Build.0 = Release|ARM
		{64DDC79B-B5DD-4083-98B9-AFE69FE39B00}.Ad-Hoc|ARM.Deploy.0 = Release|ARM
		{64DDC79B-B5DD-4083-98B9-AFE69FE39B00}.Ad-Hoc|iPhone.ActiveCfg = Release|x86
		{64DDC79B-B5DD-4083-98B9-AFE69FE39B00}.Ad-Hoc|iPhone.Build.0 = Release|x86
		{64DDC79B-B5DD-4083-98B9-AFE69FE39B00}.Ad-Hoc|iPhone.Deploy.0 = Release|x86
		{64DDC79B-B5DD-4083-98B9-AFE69FE39B00}.Ad-Hoc|iPhoneSimulator.ActiveCfg = Release|x86
		{64DDC79B-B5DD-4083-98B9-AFE69FE39B00}.Ad-Hoc|iPhoneSimulator.Build.0 = Release|x86
		{64DDC79B-B5DD-4083-98B9-AFE69FE39B00}.Ad-Hoc|iPhoneSimulator.Deploy.0 = Release|x86
		{64DDC79B-B5DD-4083-98B9-AFE69FE39B00}.Ad-Hoc|x64.ActiveCfg = Release|x64
		{64DDC79B-B5DD-4083-98B9-AFE69FE39B00}.Ad-Hoc|x64.Build.0 = Release|x64
		{64DDC79B-B5DD-4083-98B9-AFE69FE39B00}.Ad-Hoc|x64.Deploy.0 = Release|x64
		{64DDC79B-B5DD-4083-98B9-AFE69FE39B00}.Ad-Hoc|x86.ActiveCfg = Release|x86
		{64DDC79B-B5DD-4083-98B9-AFE69FE39B00}.Ad-Hoc|x86.Build.0 = Release|x86
		{64DDC79B-B5DD-4083-98B9-AFE69FE39B00}.Ad-Hoc|x86.Deploy.0 = Release|x86
		{64DDC79B-B5DD-4083-98B9-AFE69FE39B00}.AppStore|Any CPU.ActiveCfg = Release|x86
		{64DDC79B-B5DD-4083-98B9-AFE69FE39B00}.AppStore|Any CPU.Build.0 = Release|x86
		{64DDC79B-B5DD-4083-98B9-AFE69FE39B00}.AppStore|Any CPU.Deploy.0 = Release|x86
		{64DDC79B-B5DD-4083-98B9-AFE69FE39B00}.AppStore|ARM.ActiveCfg = Release|ARM
		{64DDC79B-B5DD-4083-98B9-AFE69FE39B00}.AppStore|ARM.Build.0 = Release|ARM
		{64DDC79B-B5DD-4083-98B9-AFE69FE39B00}.AppStore|ARM.Deploy.0 = Release|ARM
		{64DDC79B-B5DD-4083-98B9-AFE69FE39B00}.AppStore|iPhone.ActiveCfg = Release|x86
		{64DDC79B-B5DD-4083-98B9-AFE69FE39B00}.AppStore|iPhone.Build.0 = Release|x86
		{64DDC79B-B5DD-4083-98B9-AFE69FE39B00}.AppStore|iPhone.Deploy.0 = Release|x86
		{64DDC79B-B5DD-4083-98B9-AFE69FE39B00}.AppStore|iPhoneSimulator.ActiveCfg = Release|x86
		{64DDC79B-B5DD-4083-98B9-AFE69FE39B00}.AppStore|iPhoneSimulator.Build.0 = Release|x86
		{64DDC79B-B5DD-4083-98B9-AFE69FE39B00}.AppStore|iPhoneSimulator.Deploy.0 = Release|x86
		{64DDC79B-B5DD-4083-98B9-AFE69FE39B00}.AppStore|x64.ActiveCfg = Release|x64
		{64DDC79B-B5DD-4083-98B9-AFE69FE39B00}.AppStore|x64.Build.0 = Release|x64
		{64DDC79B-B5DD-4083-98B9-AFE69FE39B00}.AppStore|x64.Deploy.0 = Release|x64
		{64DDC79B-B5DD-4083-98B9-AFE69FE39B00}.AppStore|x86.ActiveCfg = Release|x86
		{64DDC79B-B5DD-4083-98B9-AFE69FE39B00}.AppStore|x86.Build.0 = Release|x86
		{64DDC79B-B5DD-4083-98B9-AFE69FE39B00}.AppStore|x86.Deploy.0 = Release|x86
		{64DDC79B-B5DD-4083-98B9-AFE69FE39B00}.Debug|Any CPU.ActiveCfg = Debug|x86
		{64DDC79B-B5DD-4083-98B9-AFE69FE39B00}.Debug|Any CPU.Build.0 = Debug|x86
		{64DDC79B-B5DD-4083-98B9-AFE69FE39B00}.Debug|Any CPU.Deploy.0 = Debug|x86
		{64DDC79B-B5DD-4083-98B9-AFE69FE39B00}.Debug|ARM.ActiveCfg = Debug|ARM
		{64DDC79B-B5DD-4083-98B9-AFE69FE39B00}.Debug|ARM.Build.0 = Debug|ARM
		{64DDC79B-B5DD-4083-98B9-AFE69FE39B00}.Debug|ARM.Deploy.0 = Debug|ARM
		{64DDC79B-B5DD-4083-98B9-AFE69FE39B00}.Debug|iPhone.ActiveCfg = Debug|x86
		{64DDC79B-B5DD-4083-98B9-AFE69FE39B00}.Debug|iPhone.Build.0 = Debug|x86
		{64DDC79B-B5DD-4083-98B9-AFE69FE39B00}.Debug|iPhone.Deploy.0 = Debug|x86
		{64DDC79B-B5DD-4083-98B9-AFE69FE39B00}.Debug|iPhoneSimulator.ActiveCfg = Debug|x86
		{64DDC79B-B5DD-4083-98B9-AFE69FE39B00}.Debug|iPhoneSimulator.Build.0 = Debug|x86
		{64DDC79B-B5DD-4083-98B9-AFE69FE39B00}.Debug|iPhoneSimulator.Deploy.0 = Debug|x86
		{64DDC79B-B5DD-4083-98B9-AFE69FE39B00}.Debug|x64.ActiveCfg = Debug|x64
		{64DDC79B-B5DD-4083-98B9-AFE69FE39B00}.Debug|x64.Build.0 = Debug|x64
		{64DDC79B-B5DD-4083-98B9-AFE69FE39B00}.Debug|x64.Deploy.0 = Debug|x64
		{64DDC79B-B5DD-4083-98B9-AFE69FE39B00}.Debug|x86.ActiveCfg = Debug|x86
		{64DDC79B-B5DD-4083-98B9-AFE69FE39B00}.Debug|x86.Build.0 = Debug|x86
		{64DDC79B-B5DD-4083-98B9-AFE69FE39B00}.Debug|x86.Deploy.0 = Debug|x86
		{64DDC79B-B5DD-4083-98B9-AFE69FE39B00}.Release|Any CPU.ActiveCfg = Release|x86
		{64DDC79B-B5DD-4083-98B9-AFE69FE39B00}.Release|Any CPU.Build.0 = Release|x86
		{64DDC79B-B5DD-4083-98B9-AFE69FE39B00}.Release|Any CPU.Deploy.0 = Release|x86
		{64DDC79B-B5DD-4083-98B9-AFE69FE39B00}.Release|ARM.ActiveCfg = Release|ARM
		{64DDC79B-B5DD-4083-98B9-AFE69FE39B00}.Release|ARM.Build.0 = Release|ARM
		{64DDC79B-B5DD-4083-98B9-AFE69FE39B00}.Release|ARM.Deploy.0 = Release|ARM
		{64DDC79B-B5DD-4083-98B9-AFE69FE39B00}.Release|iPhone.ActiveCfg = Release|x86
		{64DDC79B-B5DD-4083-98B9-AFE69FE39B00}.Release|iPhone.Build.0 = Release|x86
		{64DDC79B-B5DD-4083-98B9-AFE69FE39B00}.Release|iPhone.Deploy.0 = Release|x86
		{64DDC79B-B5DD-4083-98B9-AFE69FE39B00}.Release|iPhoneSimulator.ActiveCfg = Release|x86
		{64DDC79B-B5DD-4083-98B9-AFE69FE39B00}.Release|iPhoneSimulator.Build.0 = Release|x86
		{64DDC79B-B5DD-4083-98B9-AFE69FE39B00}.Release|iPhoneSimulator.Deploy.0 = Release|x86
		{64DDC79B-B5DD-4083-98B9-AFE69FE39B00}.Release|x64.ActiveCfg = Release|x64
		{64DDC79B-B5DD-4083-98B9-AFE69FE39B00}.Release|x64.Build.0 = Release|x64
		{64DDC79B-B5DD-4083-98B9-AFE69FE39B00}.Release|x64.Deploy.0 = Release|x64
		{64DDC79B-B5DD-4083-98B9-AFE69FE39B00}.Release|x86.ActiveCfg = Release|x86
		{64DDC79B-B5DD-4083-98B9-AFE69FE39B00}.Release|x86.Build.0 = Release|x86
		{64DDC79B-B5DD-4083-98B9-AFE69FE39B00}.Release|x86.Deploy.0 = Release|x86
		{D06EEDC6-D07B-42C9-93BB-2EE5589B511C}.Ad-Hoc|Any CPU.ActiveCfg = Debug|Any CPU
		{D06EEDC6-D07B-42C9-93BB-2EE5589B511C}.Ad-Hoc|Any CPU.Build.0 = Debug|Any CPU
		{D06EEDC6-D07B-42C9-93BB-2EE5589B511C}.Ad-Hoc|Any CPU.Deploy.0 = Debug|Any CPU
		{D06EEDC6-D07B-42C9-93BB-2EE5589B511C}.Ad-Hoc|ARM.ActiveCfg = Debug|Any CPU
		{D06EEDC6-D07B-42C9-93BB-2EE5589B511C}.Ad-Hoc|ARM.Build.0 = Debug|Any CPU
		{D06EEDC6-D07B-42C9-93BB-2EE5589B511C}.Ad-Hoc|ARM.Deploy.0 = Debug|Any CPU
		{D06EEDC6-D07B-42C9-93BB-2EE5589B511C}.Ad-Hoc|iPhone.ActiveCfg = Debug|Any CPU
		{D06EEDC6-D07B-42C9-93BB-2EE5589B511C}.Ad-Hoc|iPhone.Build.0 = Debug|Any CPU
		{D06EEDC6-D07B-42C9-93BB-2EE5589B511C}.Ad-Hoc|iPhone.Deploy.0 = Debug|Any CPU
		{D06EEDC6-D07B-42C9-93BB-2EE5589B511C}.Ad-Hoc|iPhoneSimulator.ActiveCfg = Debug|Any CPU
		{D06EEDC6-D07B-42C9-93BB-2EE5589B511C}.Ad-Hoc|iPhoneSimulator.Build.0 = Debug|Any CPU
		{D06EEDC6-D07B-42C9-93BB-2EE5589B511C}.Ad-Hoc|iPhoneSimulator.Deploy.0 = Debug|Any CPU
		{D06EEDC6-D07B-42C9-93BB-2EE5589B511C}.Ad-Hoc|x64.ActiveCfg = Debug|Any CPU
		{D06EEDC6-D07B-42C9-93BB-2EE5589B511C}.Ad-Hoc|x64.Build.0 = Debug|Any CPU
		{D06EEDC6-D07B-42C9-93BB-2EE5589B511C}.Ad-Hoc|x64.Deploy.0 = Debug|Any CPU
		{D06EEDC6-D07B-42C9-93BB-2EE5589B511C}.Ad-Hoc|x86.ActiveCfg = Debug|Any CPU
		{D06EEDC6-D07B-42C9-93BB-2EE5589B511C}.Ad-Hoc|x86.Build.0 = Debug|Any CPU
		{D06EEDC6-D07B-42C9-93BB-2EE5589B511C}.Ad-Hoc|x86.Deploy.0 = Debug|Any CPU
		{D06EEDC6-D07B-42C9-93BB-2EE5589B511C}.AppStore|Any CPU.ActiveCfg = Debug|Any CPU
		{D06EEDC6-D07B-42C9-93BB-2EE5589B511C}.AppStore|Any CPU.Build.0 = Debug|Any CPU
		{D06EEDC6-D07B-42C9-93BB-2EE5589B511C}.AppStore|Any CPU.Deploy.0 = Debug|Any CPU
		{D06EEDC6-D07B-42C9-93BB-2EE5589B511C}.AppStore|ARM.ActiveCfg = Debug|Any CPU
		{D06EEDC6-D07B-42C9-93BB-2EE5589B511C}.AppStore|ARM.Build.0 = Debug|Any CPU
		{D06EEDC6-D07B-42C9-93BB-2EE5589B511C}.AppStore|ARM.Deploy.0 = Debug|Any CPU
		{D06EEDC6-D07B-42C9-93BB-2EE5589B511C}.AppStore|iPhone.ActiveCfg = Debug|Any CPU
		{D06EEDC6-D07B-42C9-93BB-2EE5589B511C}.AppStore|iPhone.Build.0 = Debug|Any CPU
		{D06EEDC6-D07B-42C9-93BB-2EE5589B511C}.AppStore|iPhone.Deploy.0 = Debug|Any CPU
		{D06EEDC6-D07B-42C9-93BB-2EE5589B511C}.AppStore|iPhoneSimulator.ActiveCfg = Debug|Any CPU
		{D06EEDC6-D07B-42C9-93BB-2EE5589B511C}.AppStore|iPhoneSimulator.Build.0 = Debug|Any CPU
		{D06EEDC6-D07B-42C9-93BB-2EE5589B511C}.AppStore|iPhoneSimulator.Deploy.0 = Debug|Any CPU
		{D06EEDC6-D07B-42C9-93BB-2EE5589B511C}.AppStore|x64.ActiveCfg = Debug|Any CPU
		{D06EEDC6-D07B-42C9-93BB-2EE5589B511C}.AppStore|x64.Build.0 = Debug|Any CPU
		{D06EEDC6-D07B-42C9-93BB-2EE5589B511C}.AppStore|x64.Deploy.0 = Debug|Any CPU
		{D06EEDC6-D07B-42C9-93BB-2EE5589B511C}.AppStore|x86.ActiveCfg = Debug|Any CPU
		{D06EEDC6-D07B-42C9-93BB-2EE5589B511C}.AppStore|x86.Build.0 = Debug|Any CPU
		{D06EEDC6-D07B-42C9-93BB-2EE5589B511C}.AppStore|x86.Deploy.0 = Debug|Any CPU
		{D06EEDC6-D07B-42C9-93BB-2EE5589B511C}.Debug|Any CPU.ActiveCfg = Debug|Any CPU
		{D06EEDC6-D07B-42C9-93BB-2EE5589B511C}.Debug|Any CPU.Build.0 = Debug|Any CPU
		{D06EEDC6-D07B-42C9-93BB-2EE5589B511C}.Debug|Any CPU.Deploy.0 = Debug|Any CPU
		{D06EEDC6-D07B-42C9-93BB-2EE5589B511C}.Debug|ARM.ActiveCfg = Debug|Any CPU
		{D06EEDC6-D07B-42C9-93BB-2EE5589B511C}.Debug|ARM.Build.0 = Debug|Any CPU
		{D06EEDC6-D07B-42C9-93BB-2EE5589B511C}.Debug|ARM.Deploy.0 = Debug|Any CPU
		{D06EEDC6-D07B-42C9-93BB-2EE5589B511C}.Debug|iPhone.ActiveCfg = Debug|Any CPU
		{D06EEDC6-D07B-42C9-93BB-2EE5589B511C}.Debug|iPhone.Build.0 = Debug|Any CPU
		{D06EEDC6-D07B-42C9-93BB-2EE5589B511C}.Debug|iPhone.Deploy.0 = Debug|Any CPU
		{D06EEDC6-D07B-42C9-93BB-2EE5589B511C}.Debug|iPhoneSimulator.ActiveCfg = Debug|Any CPU
		{D06EEDC6-D07B-42C9-93BB-2EE5589B511C}.Debug|iPhoneSimulator.Build.0 = Debug|Any CPU
		{D06EEDC6-D07B-42C9-93BB-2EE5589B511C}.Debug|iPhoneSimulator.Deploy.0 = Debug|Any CPU
		{D06EEDC6-D07B-42C9-93BB-2EE5589B511C}.Debug|x64.ActiveCfg = Debug|Any CPU
		{D06EEDC6-D07B-42C9-93BB-2EE5589B511C}.Debug|x64.Build.0 = Debug|Any CPU
		{D06EEDC6-D07B-42C9-93BB-2EE5589B511C}.Debug|x64.Deploy.0 = Debug|Any CPU
		{D06EEDC6-D07B-42C9-93BB-2EE5589B511C}.Debug|x86.ActiveCfg = Debug|Any CPU
		{D06EEDC6-D07B-42C9-93BB-2EE5589B511C}.Debug|x86.Build.0 = Debug|Any CPU
		{D06EEDC6-D07B-42C9-93BB-2EE5589B511C}.Debug|x86.Deploy.0 = Debug|Any CPU
		{D06EEDC6-D07B-42C9-93BB-2EE5589B511C}.Release|Any CPU.ActiveCfg = Release|Any CPU
		{D06EEDC6-D07B-42C9-93BB-2EE5589B511C}.Release|Any CPU.Build.0 = Release|Any CPU
		{D06EEDC6-D07B-42C9-93BB-2EE5589B511C}.Release|Any CPU.Deploy.0 = Release|Any CPU
		{D06EEDC6-D07B-42C9-93BB-2EE5589B511C}.Release|ARM.ActiveCfg = Release|Any CPU
		{D06EEDC6-D07B-42C9-93BB-2EE5589B511C}.Release|ARM.Build.0 = Release|Any CPU
		{D06EEDC6-D07B-42C9-93BB-2EE5589B511C}.Release|ARM.Deploy.0 = Release|Any CPU
		{D06EEDC6-D07B-42C9-93BB-2EE5589B511C}.Release|iPhone.ActiveCfg = Release|Any CPU
		{D06EEDC6-D07B-42C9-93BB-2EE5589B511C}.Release|iPhone.Build.0 = Release|Any CPU
		{D06EEDC6-D07B-42C9-93BB-2EE5589B511C}.Release|iPhone.Deploy.0 = Release|Any CPU
		{D06EEDC6-D07B-42C9-93BB-2EE5589B511C}.Release|iPhoneSimulator.ActiveCfg = Release|Any CPU
		{D06EEDC6-D07B-42C9-93BB-2EE5589B511C}.Release|iPhoneSimulator.Build.0 = Release|Any CPU
		{D06EEDC6-D07B-42C9-93BB-2EE5589B511C}.Release|iPhoneSimulator.Deploy.0 = Release|Any CPU
		{D06EEDC6-D07B-42C9-93BB-2EE5589B511C}.Release|x64.ActiveCfg = Release|Any CPU
		{D06EEDC6-D07B-42C9-93BB-2EE5589B511C}.Release|x64.Build.0 = Release|Any CPU
		{D06EEDC6-D07B-42C9-93BB-2EE5589B511C}.Release|x64.Deploy.0 = Release|Any CPU
		{D06EEDC6-D07B-42C9-93BB-2EE5589B511C}.Release|x86.ActiveCfg = Release|Any CPU
		{D06EEDC6-D07B-42C9-93BB-2EE5589B511C}.Release|x86.Build.0 = Release|Any CPU
		{D06EEDC6-D07B-42C9-93BB-2EE5589B511C}.Release|x86.Deploy.0 = Release|Any CPU
		{D0BFD226-B444-4A31-80AD-D72ECF3CB039}.Ad-Hoc|Any CPU.ActiveCfg = Release|Any CPU
		{D0BFD226-B444-4A31-80AD-D72ECF3CB039}.Ad-Hoc|Any CPU.Build.0 = Release|Any CPU
		{D0BFD226-B444-4A31-80AD-D72ECF3CB039}.Ad-Hoc|ARM.ActiveCfg = Release|Any CPU
		{D0BFD226-B444-4A31-80AD-D72ECF3CB039}.Ad-Hoc|ARM.Build.0 = Release|Any CPU
		{D0BFD226-B444-4A31-80AD-D72ECF3CB039}.Ad-Hoc|iPhone.ActiveCfg = Release|Any CPU
		{D0BFD226-B444-4A31-80AD-D72ECF3CB039}.Ad-Hoc|iPhone.Build.0 = Release|Any CPU
		{D0BFD226-B444-4A31-80AD-D72ECF3CB039}.Ad-Hoc|iPhoneSimulator.ActiveCfg = Release|Any CPU
		{D0BFD226-B444-4A31-80AD-D72ECF3CB039}.Ad-Hoc|iPhoneSimulator.Build.0 = Release|Any CPU
		{D0BFD226-B444-4A31-80AD-D72ECF3CB039}.Ad-Hoc|x64.ActiveCfg = Release|Any CPU
		{D0BFD226-B444-4A31-80AD-D72ECF3CB039}.Ad-Hoc|x64.Build.0 = Release|Any CPU
		{D0BFD226-B444-4A31-80AD-D72ECF3CB039}.Ad-Hoc|x86.ActiveCfg = Release|Any CPU
		{D0BFD226-B444-4A31-80AD-D72ECF3CB039}.Ad-Hoc|x86.Build.0 = Release|Any CPU
		{D0BFD226-B444-4A31-80AD-D72ECF3CB039}.AppStore|Any CPU.ActiveCfg = Release|Any CPU
		{D0BFD226-B444-4A31-80AD-D72ECF3CB039}.AppStore|Any CPU.Build.0 = Release|Any CPU
		{D0BFD226-B444-4A31-80AD-D72ECF3CB039}.AppStore|ARM.ActiveCfg = Release|Any CPU
		{D0BFD226-B444-4A31-80AD-D72ECF3CB039}.AppStore|ARM.Build.0 = Release|Any CPU
		{D0BFD226-B444-4A31-80AD-D72ECF3CB039}.AppStore|iPhone.ActiveCfg = Release|Any CPU
		{D0BFD226-B444-4A31-80AD-D72ECF3CB039}.AppStore|iPhone.Build.0 = Release|Any CPU
		{D0BFD226-B444-4A31-80AD-D72ECF3CB039}.AppStore|iPhoneSimulator.ActiveCfg = Release|Any CPU
		{D0BFD226-B444-4A31-80AD-D72ECF3CB039}.AppStore|iPhoneSimulator.Build.0 = Release|Any CPU
		{D0BFD226-B444-4A31-80AD-D72ECF3CB039}.AppStore|x64.ActiveCfg = Release|Any CPU
		{D0BFD226-B444-4A31-80AD-D72ECF3CB039}.AppStore|x64.Build.0 = Release|Any CPU
		{D0BFD226-B444-4A31-80AD-D72ECF3CB039}.AppStore|x86.ActiveCfg = Release|Any CPU
		{D0BFD226-B444-4A31-80AD-D72ECF3CB039}.AppStore|x86.Build.0 = Release|Any CPU
		{D0BFD226-B444-4A31-80AD-D72ECF3CB039}.Debug|Any CPU.ActiveCfg = Debug|Any CPU
		{D0BFD226-B444-4A31-80AD-D72ECF3CB039}.Debug|Any CPU.Build.0 = Debug|Any CPU
		{D0BFD226-B444-4A31-80AD-D72ECF3CB039}.Debug|ARM.ActiveCfg = Debug|Any CPU
		{D0BFD226-B444-4A31-80AD-D72ECF3CB039}.Debug|ARM.Build.0 = Debug|Any CPU
		{D0BFD226-B444-4A31-80AD-D72ECF3CB039}.Debug|iPhone.ActiveCfg = Debug|Any CPU
		{D0BFD226-B444-4A31-80AD-D72ECF3CB039}.Debug|iPhone.Build.0 = Debug|Any CPU
		{D0BFD226-B444-4A31-80AD-D72ECF3CB039}.Debug|iPhoneSimulator.ActiveCfg = Debug|Any CPU
		{D0BFD226-B444-4A31-80AD-D72ECF3CB039}.Debug|iPhoneSimulator.Build.0 = Debug|Any CPU
		{D0BFD226-B444-4A31-80AD-D72ECF3CB039}.Debug|x64.ActiveCfg = Debug|Any CPU
		{D0BFD226-B444-4A31-80AD-D72ECF3CB039}.Debug|x64.Build.0 = Debug|Any CPU
		{D0BFD226-B444-4A31-80AD-D72ECF3CB039}.Debug|x86.ActiveCfg = Debug|Any CPU
		{D0BFD226-B444-4A31-80AD-D72ECF3CB039}.Debug|x86.Build.0 = Debug|Any CPU
		{D0BFD226-B444-4A31-80AD-D72ECF3CB039}.Release|Any CPU.ActiveCfg = Release|Any CPU
		{D0BFD226-B444-4A31-80AD-D72ECF3CB039}.Release|Any CPU.Build.0 = Release|Any CPU
		{D0BFD226-B444-4A31-80AD-D72ECF3CB039}.Release|ARM.ActiveCfg = Release|Any CPU
		{D0BFD226-B444-4A31-80AD-D72ECF3CB039}.Release|ARM.Build.0 = Release|Any CPU
		{D0BFD226-B444-4A31-80AD-D72ECF3CB039}.Release|iPhone.ActiveCfg = Release|Any CPU
		{D0BFD226-B444-4A31-80AD-D72ECF3CB039}.Release|iPhone.Build.0 = Release|Any CPU
		{D0BFD226-B444-4A31-80AD-D72ECF3CB039}.Release|iPhoneSimulator.ActiveCfg = Release|Any CPU
		{D0BFD226-B444-4A31-80AD-D72ECF3CB039}.Release|iPhoneSimulator.Build.0 = Release|Any CPU
		{D0BFD226-B444-4A31-80AD-D72ECF3CB039}.Release|x64.ActiveCfg = Release|Any CPU
		{D0BFD226-B444-4A31-80AD-D72ECF3CB039}.Release|x64.Build.0 = Release|Any CPU
		{D0BFD226-B444-4A31-80AD-D72ECF3CB039}.Release|x86.ActiveCfg = Release|Any CPU
		{D0BFD226-B444-4A31-80AD-D72ECF3CB039}.Release|x86.Build.0 = Release|Any CPU
		{F871B007-B5CA-4992-BDF6-286BB0AA3F6B}.Ad-Hoc|Any CPU.ActiveCfg = Release|Any CPU
		{F871B007-B5CA-4992-BDF6-286BB0AA3F6B}.Ad-Hoc|Any CPU.Build.0 = Release|Any CPU
		{F871B007-B5CA-4992-BDF6-286BB0AA3F6B}.Ad-Hoc|ARM.ActiveCfg = Release|Any CPU
		{F871B007-B5CA-4992-BDF6-286BB0AA3F6B}.Ad-Hoc|ARM.Build.0 = Release|Any CPU
		{F871B007-B5CA-4992-BDF6-286BB0AA3F6B}.Ad-Hoc|iPhone.ActiveCfg = Release|Any CPU
		{F871B007-B5CA-4992-BDF6-286BB0AA3F6B}.Ad-Hoc|iPhone.Build.0 = Release|Any CPU
		{F871B007-B5CA-4992-BDF6-286BB0AA3F6B}.Ad-Hoc|iPhoneSimulator.ActiveCfg = Release|Any CPU
		{F871B007-B5CA-4992-BDF6-286BB0AA3F6B}.Ad-Hoc|iPhoneSimulator.Build.0 = Release|Any CPU
		{F871B007-B5CA-4992-BDF6-286BB0AA3F6B}.Ad-Hoc|x64.ActiveCfg = Release|Any CPU
		{F871B007-B5CA-4992-BDF6-286BB0AA3F6B}.Ad-Hoc|x64.Build.0 = Release|Any CPU
		{F871B007-B5CA-4992-BDF6-286BB0AA3F6B}.Ad-Hoc|x86.ActiveCfg = Release|Any CPU
		{F871B007-B5CA-4992-BDF6-286BB0AA3F6B}.Ad-Hoc|x86.Build.0 = Release|Any CPU
		{F871B007-B5CA-4992-BDF6-286BB0AA3F6B}.AppStore|Any CPU.ActiveCfg = Release|Any CPU
		{F871B007-B5CA-4992-BDF6-286BB0AA3F6B}.AppStore|Any CPU.Build.0 = Release|Any CPU
		{F871B007-B5CA-4992-BDF6-286BB0AA3F6B}.AppStore|ARM.ActiveCfg = Release|Any CPU
		{F871B007-B5CA-4992-BDF6-286BB0AA3F6B}.AppStore|ARM.Build.0 = Release|Any CPU
		{F871B007-B5CA-4992-BDF6-286BB0AA3F6B}.AppStore|iPhone.ActiveCfg = Release|Any CPU
		{F871B007-B5CA-4992-BDF6-286BB0AA3F6B}.AppStore|iPhone.Build.0 = Release|Any CPU
		{F871B007-B5CA-4992-BDF6-286BB0AA3F6B}.AppStore|iPhoneSimulator.ActiveCfg = Release|Any CPU
		{F871B007-B5CA-4992-BDF6-286BB0AA3F6B}.AppStore|iPhoneSimulator.Build.0 = Release|Any CPU
		{F871B007-B5CA-4992-BDF6-286BB0AA3F6B}.AppStore|x64.ActiveCfg = Release|Any CPU
		{F871B007-B5CA-4992-BDF6-286BB0AA3F6B}.AppStore|x64.Build.0 = Release|Any CPU
		{F871B007-B5CA-4992-BDF6-286BB0AA3F6B}.AppStore|x86.ActiveCfg = Release|Any CPU
		{F871B007-B5CA-4992-BDF6-286BB0AA3F6B}.AppStore|x86.Build.0 = Release|Any CPU
		{F871B007-B5CA-4992-BDF6-286BB0AA3F6B}.Debug|Any CPU.ActiveCfg = Debug|Any CPU
		{F871B007-B5CA-4992-BDF6-286BB0AA3F6B}.Debug|Any CPU.Build.0 = Debug|Any CPU
		{F871B007-B5CA-4992-BDF6-286BB0AA3F6B}.Debug|ARM.ActiveCfg = Debug|Any CPU
		{F871B007-B5CA-4992-BDF6-286BB0AA3F6B}.Debug|ARM.Build.0 = Debug|Any CPU
		{F871B007-B5CA-4992-BDF6-286BB0AA3F6B}.Debug|iPhone.ActiveCfg = Debug|Any CPU
		{F871B007-B5CA-4992-BDF6-286BB0AA3F6B}.Debug|iPhone.Build.0 = Debug|Any CPU
		{F871B007-B5CA-4992-BDF6-286BB0AA3F6B}.Debug|iPhoneSimulator.ActiveCfg = Debug|Any CPU
		{F871B007-B5CA-4992-BDF6-286BB0AA3F6B}.Debug|iPhoneSimulator.Build.0 = Debug|Any CPU
		{F871B007-B5CA-4992-BDF6-286BB0AA3F6B}.Debug|x64.ActiveCfg = Debug|Any CPU
		{F871B007-B5CA-4992-BDF6-286BB0AA3F6B}.Debug|x64.Build.0 = Debug|Any CPU
		{F871B007-B5CA-4992-BDF6-286BB0AA3F6B}.Debug|x86.ActiveCfg = Debug|Any CPU
		{F871B007-B5CA-4992-BDF6-286BB0AA3F6B}.Debug|x86.Build.0 = Debug|Any CPU
		{F871B007-B5CA-4992-BDF6-286BB0AA3F6B}.Release|Any CPU.ActiveCfg = Release|Any CPU
		{F871B007-B5CA-4992-BDF6-286BB0AA3F6B}.Release|Any CPU.Build.0 = Release|Any CPU
		{F871B007-B5CA-4992-BDF6-286BB0AA3F6B}.Release|ARM.ActiveCfg = Release|Any CPU
		{F871B007-B5CA-4992-BDF6-286BB0AA3F6B}.Release|ARM.Build.0 = Release|Any CPU
		{F871B007-B5CA-4992-BDF6-286BB0AA3F6B}.Release|iPhone.ActiveCfg = Release|Any CPU
		{F871B007-B5CA-4992-BDF6-286BB0AA3F6B}.Release|iPhone.Build.0 = Release|Any CPU
		{F871B007-B5CA-4992-BDF6-286BB0AA3F6B}.Release|iPhoneSimulator.ActiveCfg = Release|Any CPU
		{F871B007-B5CA-4992-BDF6-286BB0AA3F6B}.Release|iPhoneSimulator.Build.0 = Release|Any CPU
		{F871B007-B5CA-4992-BDF6-286BB0AA3F6B}.Release|x64.ActiveCfg = Release|Any CPU
		{F871B007-B5CA-4992-BDF6-286BB0AA3F6B}.Release|x64.Build.0 = Release|Any CPU
		{F871B007-B5CA-4992-BDF6-286BB0AA3F6B}.Release|x86.ActiveCfg = Release|Any CPU
		{F871B007-B5CA-4992-BDF6-286BB0AA3F6B}.Release|x86.Build.0 = Release|Any CPU
		{7DF9E7AE-F393-4AC4-B040-4B0FE91627FC}.Ad-Hoc|Any CPU.ActiveCfg = Release|Any CPU
		{7DF9E7AE-F393-4AC4-B040-4B0FE91627FC}.Ad-Hoc|Any CPU.Build.0 = Release|Any CPU
		{7DF9E7AE-F393-4AC4-B040-4B0FE91627FC}.Ad-Hoc|ARM.ActiveCfg = Release|Any CPU
		{7DF9E7AE-F393-4AC4-B040-4B0FE91627FC}.Ad-Hoc|ARM.Build.0 = Release|Any CPU
		{7DF9E7AE-F393-4AC4-B040-4B0FE91627FC}.Ad-Hoc|iPhone.ActiveCfg = Release|Any CPU
		{7DF9E7AE-F393-4AC4-B040-4B0FE91627FC}.Ad-Hoc|iPhone.Build.0 = Release|Any CPU
		{7DF9E7AE-F393-4AC4-B040-4B0FE91627FC}.Ad-Hoc|iPhoneSimulator.ActiveCfg = Release|Any CPU
		{7DF9E7AE-F393-4AC4-B040-4B0FE91627FC}.Ad-Hoc|iPhoneSimulator.Build.0 = Release|Any CPU
		{7DF9E7AE-F393-4AC4-B040-4B0FE91627FC}.Ad-Hoc|x64.ActiveCfg = Release|Any CPU
		{7DF9E7AE-F393-4AC4-B040-4B0FE91627FC}.Ad-Hoc|x64.Build.0 = Release|Any CPU
		{7DF9E7AE-F393-4AC4-B040-4B0FE91627FC}.Ad-Hoc|x86.ActiveCfg = Release|Any CPU
		{7DF9E7AE-F393-4AC4-B040-4B0FE91627FC}.Ad-Hoc|x86.Build.0 = Release|Any CPU
		{7DF9E7AE-F393-4AC4-B040-4B0FE91627FC}.AppStore|Any CPU.ActiveCfg = Release|Any CPU
		{7DF9E7AE-F393-4AC4-B040-4B0FE91627FC}.AppStore|Any CPU.Build.0 = Release|Any CPU
		{7DF9E7AE-F393-4AC4-B040-4B0FE91627FC}.AppStore|ARM.ActiveCfg = Release|Any CPU
		{7DF9E7AE-F393-4AC4-B040-4B0FE91627FC}.AppStore|ARM.Build.0 = Release|Any CPU
		{7DF9E7AE-F393-4AC4-B040-4B0FE91627FC}.AppStore|iPhone.ActiveCfg = Release|Any CPU
		{7DF9E7AE-F393-4AC4-B040-4B0FE91627FC}.AppStore|iPhone.Build.0 = Release|Any CPU
		{7DF9E7AE-F393-4AC4-B040-4B0FE91627FC}.AppStore|iPhoneSimulator.ActiveCfg = Release|Any CPU
		{7DF9E7AE-F393-4AC4-B040-4B0FE91627FC}.AppStore|iPhoneSimulator.Build.0 = Release|Any CPU
		{7DF9E7AE-F393-4AC4-B040-4B0FE91627FC}.AppStore|x64.ActiveCfg = Release|Any CPU
		{7DF9E7AE-F393-4AC4-B040-4B0FE91627FC}.AppStore|x64.Build.0 = Release|Any CPU
		{7DF9E7AE-F393-4AC4-B040-4B0FE91627FC}.AppStore|x86.ActiveCfg = Release|Any CPU
		{7DF9E7AE-F393-4AC4-B040-4B0FE91627FC}.AppStore|x86.Build.0 = Release|Any CPU
		{7DF9E7AE-F393-4AC4-B040-4B0FE91627FC}.Debug|Any CPU.ActiveCfg = Debug|Any CPU
		{7DF9E7AE-F393-4AC4-B040-4B0FE91627FC}.Debug|Any CPU.Build.0 = Debug|Any CPU
		{7DF9E7AE-F393-4AC4-B040-4B0FE91627FC}.Debug|ARM.ActiveCfg = Debug|Any CPU
		{7DF9E7AE-F393-4AC4-B040-4B0FE91627FC}.Debug|ARM.Build.0 = Debug|Any CPU
		{7DF9E7AE-F393-4AC4-B040-4B0FE91627FC}.Debug|iPhone.ActiveCfg = Debug|Any CPU
		{7DF9E7AE-F393-4AC4-B040-4B0FE91627FC}.Debug|iPhone.Build.0 = Debug|Any CPU
		{7DF9E7AE-F393-4AC4-B040-4B0FE91627FC}.Debug|iPhoneSimulator.ActiveCfg = Debug|Any CPU
		{7DF9E7AE-F393-4AC4-B040-4B0FE91627FC}.Debug|iPhoneSimulator.Build.0 = Debug|Any CPU
		{7DF9E7AE-F393-4AC4-B040-4B0FE91627FC}.Debug|x64.ActiveCfg = Debug|Any CPU
		{7DF9E7AE-F393-4AC4-B040-4B0FE91627FC}.Debug|x64.Build.0 = Debug|Any CPU
		{7DF9E7AE-F393-4AC4-B040-4B0FE91627FC}.Debug|x86.ActiveCfg = Debug|Any CPU
		{7DF9E7AE-F393-4AC4-B040-4B0FE91627FC}.Debug|x86.Build.0 = Debug|Any CPU
		{7DF9E7AE-F393-4AC4-B040-4B0FE91627FC}.Release|Any CPU.ActiveCfg = Release|Any CPU
		{7DF9E7AE-F393-4AC4-B040-4B0FE91627FC}.Release|Any CPU.Build.0 = Release|Any CPU
		{7DF9E7AE-F393-4AC4-B040-4B0FE91627FC}.Release|ARM.ActiveCfg = Release|Any CPU
		{7DF9E7AE-F393-4AC4-B040-4B0FE91627FC}.Release|ARM.Build.0 = Release|Any CPU
		{7DF9E7AE-F393-4AC4-B040-4B0FE91627FC}.Release|iPhone.ActiveCfg = Release|Any CPU
		{7DF9E7AE-F393-4AC4-B040-4B0FE91627FC}.Release|iPhone.Build.0 = Release|Any CPU
		{7DF9E7AE-F393-4AC4-B040-4B0FE91627FC}.Release|iPhoneSimulator.ActiveCfg = Release|Any CPU
		{7DF9E7AE-F393-4AC4-B040-4B0FE91627FC}.Release|iPhoneSimulator.Build.0 = Release|Any CPU
		{7DF9E7AE-F393-4AC4-B040-4B0FE91627FC}.Release|x64.ActiveCfg = Release|Any CPU
		{7DF9E7AE-F393-4AC4-B040-4B0FE91627FC}.Release|x64.Build.0 = Release|Any CPU
		{7DF9E7AE-F393-4AC4-B040-4B0FE91627FC}.Release|x86.ActiveCfg = Release|Any CPU
		{7DF9E7AE-F393-4AC4-B040-4B0FE91627FC}.Release|x86.Build.0 = Release|Any CPU
	EndGlobalSection
	GlobalSection(SolutionProperties) = preSolution
		HideSolutionNode = FALSE
	EndGlobalSection
	GlobalSection(NestedProjects) = preSolution
		{D0BFD226-B444-4A31-80AD-D72ECF3CB039} = {A9FE6008-2371-40AF-B72E-5C4CD8C7C10A}
		{F871B007-B5CA-4992-BDF6-286BB0AA3F6B} = {A9FE6008-2371-40AF-B72E-5C4CD8C7C10A}
		{7DF9E7AE-F393-4AC4-B040-4B0FE91627FC} = {A9FE6008-2371-40AF-B72E-5C4CD8C7C10A}
	EndGlobalSection
	GlobalSection(ExtensibilityGlobals) = postSolution
		SolutionGuid = {AA693471-969B-4212-B902-465E95E8C123}
	EndGlobalSection
EndGlobal
